# This file is automatically @generated by Cargo.
# It is not intended for manual editing.
[[package]]
name = "esp32-test"
version = "0.1.0"
dependencies = [
 "xtensa-lx6-rt 0.1.0 (git+https://github.com/esp-rs/xtensa-lx6-rt)",
]

[[package]]
name = "r0"
version = "0.2.2"
source = "registry+https://github.com/rust-lang/crates.io-index"

[[package]]
name = "xtensa-lx6-rt"
version = "0.1.0"
source = "git+https://github.com/esp-rs/xtensa-lx6-rt#00b296adf9475bc3fb2e6e1bb12b514a7e22ae01"
dependencies = [
 "r0 0.2.2 (registry+https://github.com/rust-lang/crates.io-index)",
]

[metadata]
"checksum r0 0.2.2 (registry+https://github.com/rust-lang/crates.io-index)" = "e2a38df5b15c8d5c7e8654189744d8e396bddc18ad48041a500ce52d6948941f"
"checksum xtensa-lx6-rt 0.1.0 (git+https://github.com/esp-rs/xtensa-lx6-rt)" = "<none>"
